// !$*UTF8*$!
{
	archiveVersion = 1;
	classes = {
	};
	objectVersion = 110;
	objects = {

/* Begin PBXBuildFile section */
		9BA0000C304077C40030A6B8 /* BigV Watch App.app in Embed Watch Content */ = {isa = PBXBuildFile; fileRef = 9BA00001304077C40030A6B8 /* BigV Watch App.app */; settings = {ATTRIBUTES = (RemoveHeadersOnCopy, ); }; };
/* End PBXBuildFile section */

/* Begin PBXContainerItemProxy section */
		9B71BBAE304077C40030A6B8 /* PBXContainerItemProxy */ = {
			isa = PBXContainerItemProxy;
			containerPortal = 9B71BB96304077C30030A6B8 /* Project object */;
			proxyType = 1;
			remoteGlobalIDString = 9B71BB9D304077C30030A6B8;
			remoteInfo = BigV;
		};
		9B71BBB8304077C40030A6B8 /* PBXContainerItemProxy */ = {
			isa = PBXContainerItemProxy;
			containerPortal = 9B71BB96304077C30030A6B8 /* Project object */;
			proxyType = 1;
			remoteGlobalIDString = 9B71BB9D304077C30030A6B8;
			remoteInfo = BigV;
		};
		9BA0000E304077C40030A6B8 /* PBXContainerItemProxy */ = {
			isa = PBXContainerItemProxy;
			containerPortal = 9B71BB96304077C30030A6B8 /* Project object */;
			proxyType = 1;
			remoteGlobalIDString = 9BA00007304077C40030A6B8;
			remoteInfo = "BigV Watch App";
		};
/* End PBXContainerItemProxy section */

/* Begin PBXCopyFilesBuildPhase section */
		9BA0000B304077C40030A6B8 /* Embed Watch Content */ = {
			isa = PBXCopyFilesBuildPhase;
			dstPath = "$(CONTENTS_FOLDER_PATH)/Watch";
			dstSubfolder = Product;
			files = (
				9BA0000C304077C40030A6B8 /* BigV Watch App.app in Embed Watch Content */,
			);
			name = "Embed Watch Content";
		};
/* End PBXCopyFilesBuildPhase section */

/* Begin PBXFileReference section */
		9B71BB9E304077C30030A6B8 /* BigV.app */ = {isa = PBXFileReference; explicitFileType = wrapper.application; includeInIndex = 0; path = BigV.app; sourceTree = BUILT_PRODUCTS_DIR; };
		9B71BBAD304077C40030A6B8 /* BigVTests.xctest */ = {isa = PBXFileReference; explicitFileType = wrapper.cfbundle; includeInIndex = 0; path = BigVTests.xctest; sourceTree = BUILT_PRODUCTS_DIR; };
		9B71BBB7304077C40030A6B8 /* BigVUITests.xctest */ = {isa = PBXFileReference; explicitFileType = wrapper.cfbundle; includeInIndex = 0; path = BigVUITests.xctest; sourceTree = BUILT_PRODUCTS_DIR; };
		9BA00001304077C40030A6B8 /* BigV Watch App.app */ = {isa = PBXFileReference; explicitFileType = wrapper.application; includeInIndex = 0; path = "BigV Watch App.app"; sourceTree = BUILT_PRODUCTS_DIR; };
/* End PBXFileReference section */

/* Begin PBXFileSystemSynchronizedBuildFileExceptionSet section */
		9B71BBD0304077C40030A6B8 /* Exceptions for "BigV" folder in "BigV" target */ = {
			isa = PBXFileSystemSynchronizedBuildFileExceptionSet;
			membershipExceptions = (
				Info.plist,
			);
			target = 9B71BB9D304077C30030A6B8 /* BigV */;
		};
		9BA0000F304077C40030A6B8 /* Exceptions for "BigV Watch App" folder in "BigV Watch App" target */ = {
			isa = PBXFileSystemSynchronizedBuildFileExceptionSet;
			membershipExceptions = (
				Info.plist,
			);
			target = 9BA00007304077C40030A6B8 /* BigV Watch App */;
		};
/* End PBXFileSystemSynchronizedBuildFileExceptionSet section */

/* Begin PBXFileSystemSynchronizedRootGroup section */
		9B71BBA0304077C30030A6B8 /* BigV */ = {
			isa = PBXFileSystemSynchronizedRootGroup;
			exceptions = (
				9B71BBD0304077C40030A6B8 /* Exceptions for "BigV" folder in "BigV" target */,
			);
			path = BigV;
			sourceTree = "<group>";
		};
		9B71BBB0304077C40030A6B8 /* BigVTests */ = {
			isa = PBXFileSystemSynchronizedRootGroup;
			path = BigVTests;
			sourceTree = "<group>";
		};
		9B71BBBA304077C40030A6B8 /* BigVUITests */ = {
			isa = PBXFileSystemSynchronizedRootGroup;
			path = BigVUITests;
			sourceTree = "<group>";
		};
		9BA00002304077C40030A6B8 /* BigV Watch App */ = {
			isa = PBXFileSystemSynchronizedRootGroup;
			exceptions = (
				9BA0000F304077C40030A6B8 /* Exceptions for "BigV Watch App" folder in "BigV Watch App" target */,
			);
			path = "BigV Watch App";
			sourceTree = "<group>";
		};
		9BA00003304077C40030A6B8 /* BigVShared */ = {
			isa = PBXFileSystemSynchronizedRootGroup;
			path = BigVShared;
			sourceTree = "<group>";
		};
/* End PBXFileSystemSynchronizedRootGroup section */

/* Begin PBXFrameworksBuildPhase section */
		9B71BB9B304077C30030A6B8 /* Frameworks */ = {
			isa = PBXFrameworksBuildPhase;
			files = (
			);
		};
		9B71BBAA304077C40030A6B8 /* Frameworks */ = {
			isa = PBXFrameworksBuildPhase;
			files = (
			);
		};
		9B71BBB4304077C40030A6B8 /* Frameworks */ = {
			isa = PBXFrameworksBuildPhase;
			files = (
			);
		};
		9BA00004304077C40030A6B8 /* Frameworks */ = {
			isa = PBXFrameworksBuildPhase;
			files = (
			);
		};
/* End PBXFrameworksBuildPhase section */

/* Begin PBXGroup section */
		9B71BB95304077C30030A6B8 = {
			isa = PBXGroup;
			children = (
				9B71BBA0304077C30030A6B8 /* BigV */,
				9BA00002304077C40030A6B8 /* BigV Watch App */,
				9BA00003304077C40030A6B8 /* BigVShared */,
				9B71BBB0304077C40030A6B8 /* BigVTests */,
				9B71BBBA304077C40030A6B8 /* BigVUITests */,
				9B71BB9F304077C30030A6B8 /* Products */,
			);
			sourceTree = "<group>";
		};
		9B71BB9F304077C30030A6B8 /* Products */ = {
			isa = PBXGroup;
			children = (
				9B71BB9E304077C30030A6B8 /* BigV.app */,
				9B71BBAD304077C40030A6B8 /* BigVTests.xctest */,
				9B71BBB7304077C40030A6B8 /* BigVUITests.xctest */,
				9BA00001304077C40030A6B8 /* BigV Watch App.app */,
			);
			name = Products;
			sourceTree = "<group>";
		};
/* End PBXGroup section */

/* Begin PBXNativeTarget section */
		9B71BB9D304077C30030A6B8 /* BigV */ = {
			isa = PBXNativeTarget;
			buildConfigurationList = 9B71BBBF304077C40030A6B8 /* Build configuration list for PBXNativeTarget "BigV" */;
			buildPhases = (
				9B71BB9A304077C30030A6B8 /* Sources */,
				9B71BB9B304077C30030A6B8 /* Frameworks */,
				9B71BB9C304077C30030A6B8 /* Resources */,
				9BA0000B304077C40030A6B8 /* Embed Watch Content */,
			);
			buildRules = (
			);
			dependencies = (
				9BA0000D304077C40030A6B8 /* PBXTargetDependency */,
			);
			fileSystemSynchronizedGroups = (
				9B71BBA0304077C30030A6B8 /* BigV */,
				9BA00003304077C40030A6B8 /* BigVShared */,
			);
			name = BigV;
			productName = BigV;
			productReference = 9B71BB9E304077C30030A6B8 /* BigV.app */;
			productType = "com.apple.product-type.application";
		};
		9B71BBAC304077C40030A6B8 /* BigVTests */ = {
			isa = PBXNativeTarget;
			buildConfigurationList = 9B71BBC2304077C40030A6B8 /* Build configuration list for PBXNativeTarget "BigVTests" */;
			buildPhases = (
				9B71BBA9304077C40030A6B8 /* Sources */,
				9B71BBAA304077C40030A6B8 /* Frameworks */,
				9B71BBAB304077C40030A6B8 /* Resources */,
			);
			buildRules = (
			);
			dependencies = (
				9B71BBAF304077C40030A6B8 /* PBXTargetDependency */,
			);
			fileSystemSynchronizedGroups = (
				9B71BBB0304077C40030A6B8 /* BigVTests */,
			);
			name = BigVTests;
			productName = BigVTests;
			productReference = 9B71BBAD304077C40030A6B8 /* BigVTests.xctest */;
			productType = "com.apple.product-type.bundle.unit-test";
		};
		9B71BBB6304077C40030A6B8 /* BigVUITests */ = {
			isa = PBXNativeTarget;
			buildConfigurationList = 9B71BBC5304077C40030A6B8 /* Build configuration list for PBXNativeTarget "BigVUITests" */;
			buildPhases = (
				9B71BBB3304077C40030A6B8 /* Sources */,
				9B71BBB4304077C40030A6B8 /* Frameworks */,
				9B71BBB5304077C40030A6B8 /* Resources */,
			);
			buildRules = (
			);
			dependencies = (
				9B71BBB9304077C40030A6B8 /* PBXTargetDependency */,
			);
			fileSystemSynchronizedGroups = (
				9B71BBBA304077C40030A6B8 /* BigVUITests */,
			);
			name = BigVUITests;
			productName = BigVUITests;
			productReference = 9B71BBB7304077C40030A6B8 /* BigVUITests.xctest */;
			productType = "com.apple.product-type.bundle.ui-testing";
		};
		9BA00007304077C40030A6B8 /* BigV Watch App */ = {
			isa = PBXNativeTarget;
			buildConfigurationList = 9BA00008304077C40030A6B8 /* Build configuration list for PBXNativeTarget "BigV Watch App" */;
			buildPhases = (
				9BA00006304077C40030A6B8 /* Sources */,
				9BA00004304077C40030A6B8 /* Frameworks */,
				9BA00005304077C40030A6B8 /* Resources */,
			);
			buildRules = (
			);
			fileSystemSynchronizedGroups = (
				9BA00002304077C40030A6B8 /* BigV Watch App */,
				9BA00003304077C40030A6B8 /* BigVShared */,
			);
			name = "BigV Watch App";
			productName = "BigV Watch App";
			productReference = 9BA00001304077C40030A6B8 /* BigV Watch App.app */;
			productType = "com.apple.product-type.application";
		};
/* End PBXNativeTarget section */

/* Begin PBXProject section */
		9B71BB96304077C30030A6B8 /* Project object */ = {
			isa = PBXProject;
			attributes = {
				BuildIndependentTargetsInParallel = 1;
				LastSwiftUpdateCheck = 2700;
				LastUpgradeCheck = 2700;
				TargetAttributes = {
					9B71BB9D304077C30030A6B8 = {
						CreatedOnToolsVersion = 27.0;
					};
					9B71BBAC304077C40030A6B8 = {
						CreatedOnToolsVersion = 27.0;
						TestTargetID = 9B71BB9D304077C30030A6B8;
					};
					9B71BBB6304077C40030A6B8 = {
						CreatedOnToolsVersion = 27.0;
						TestTargetID = 9B71BB9D304077C30030A6B8;
					};
					9BA00007304077C40030A6B8 = {
						CreatedOnToolsVersion = 27.0;
					};
				};
			};
			buildConfigurationList = 9B71BB99304077C30030A6B8 /* Build configuration list for PBXProject "BigV" */;
			developmentRegion = en;
			hasScannedForEncodings = 0;
			knownRegions = (
				en,
				Base,
			);
			mainGroup = 9B71BB95304077C30030A6B8;
			minimizedProjectReferenceProxies = 1;
			preferredProjectObjectVersion = 77;
			productRefGroup = 9B71BB9F304077C30030A6B8 /* Products */;
			projectDirPath = "";
			projectRoot = "";
			targets = (
				9B71BB9D304077C30030A6B8 /* BigV */,
				9BA00007304077C40030A6B8 /* BigV Watch App */,
				9B71BBAC304077C40030A6B8 /* BigVTests */,
				9B71BBB6304077C40030A6B8 /* BigVUITests */,
			);
		};
/* End PBXProject section */

/* Begin PBXResourcesBuildPhase section */
		9B71BB9C304077C30030A6B8 /* Resources */ = {
			isa = PBXResourcesBuildPhase;
			files = (
			);
		};
		9B71BBAB304077C40030A6B8 /* Resources */ = {
			isa = PBXResourcesBuildPhase;
			files = (
			);
		};
		9B71BBB5304077C40030A6B8 /* Resources */ = {
			isa = PBXResourcesBuildPhase;
			files = (
			);
		};
		9BA00005304077C40030A6B8 /* Resources */ = {
			isa = PBXResourcesBuildPhase;
			files = (
			);
		};
/* End PBXResourcesBuildPhase section */

/* Begin PBXSourcesBuildPhase section */
		9B71BB9A304077C30030A6B8 /* Sources */ = {
			isa = PBXSourcesBuildPhase;
			files = (
			);
		};
		9B71BBA9304077C40030A6B8 /* Sources */ = {
			isa = PBXSourcesBuildPhase;
			files = (
			);
		};
		9B71BBB3304077C40030A6B8 /* Sources */ = {
			isa = PBXSourcesBuildPhase;
			files = (
			);
		};
		9BA00006304077C40030A6B8 /* Sources */ = {
			isa = PBXSourcesBuildPhase;
			files = (
			);
		};
/* End PBXSourcesBuildPhase section */

/* Begin PBXTargetDependency section */
		9B71BBAF304077C40030A6B8 /* PBXTargetDependency */ = {
			isa = PBXTargetDependency;
			target = 9B71BB9D304077C30030A6B8 /* BigV */;
			targetProxy = 9B71BBAE304077C40030A6B8 /* PBXContainerItemProxy */;
		};
		9B71BBB9304077C40030A6B8 /* PBXTargetDependency */ = {
			isa = PBXTargetDependency;
			target = 9B71BB9D304077C30030A6B8 /* BigV */;
			targetProxy = 9B71BBB8304077C40030A6B8 /* PBXContainerItemProxy */;
		};
		9BA0000D304077C40030A6B8 /* PBXTargetDependency */ = {
			isa = PBXTargetDependency;
			target = 9BA00007304077C40030A6B8 /* BigV Watch App */;
			targetProxy = 9BA0000E304077C40030A6B8 /* PBXContainerItemProxy */;
		};
/* End PBXTargetDependency section */

/* Begin XCBuildConfiguration section */
		9B71BBBD304077C40030A6B8 /* Debug configuration for PBXProject "BigV" */ = {
			isa = XCBuildConfiguration;
			buildSettings = {
				ALWAYS_SEARCH_USER_PATHS = NO;
				ASSETCATALOG_COMPILER_GENERATE_SWIFT_ASSET_SYMBOL_EXTENSIONS = YES;
				CLANG_ANALYZER_NONNULL = YES;
				CLANG_ANALYZER_NUMBER_OBJECT_CONVERSION = YES_AGGRESSIVE;
				CLANG_CXX_LANGUAGE_STANDARD = "gnu++20";
				CLANG_ENABLE_MODULES = YES;
				CLANG_ENABLE_OBJC_ARC = YES;
				CLANG_ENABLE_OBJC_WEAK = YES;
				CLANG_WARN_BLOCK_CAPTURE_AUTORELEASING = YES;
				CLANG_WARN_BOOL_CONVERSION = YES;
				CLANG_WARN_COMMA = YES;
				CLANG_WARN_CONSTANT_CONVERSION = YES;
				CLANG_WARN_DEPRECATED_OBJC_IMPLEMENTATIONS = YES;
				CLANG_WARN_DIRECT_OBJC_ISA_USAGE = YES_ERROR;
				CLANG_WARN_DOCUMENTATION_COMMENTS = YES;
				CLANG_WARN_EMPTY_BODY = YES;
				CLANG_WARN_ENUM_CONVERSION = YES;
				CLANG_WARN_INFINITE_RECURSION = YES;
				CLANG_WARN_INT_CONVERSION = YES;
				CLANG_WARN_NON_LITERAL_NULL_CONVERSION = YES;
				CLANG_WARN_OBJC_IMPLICIT_RETAIN_SELF = YES;
				CLANG_WARN_OBJC_LITERAL_CONVERSION = YES;
				CLANG_WARN_OBJC_ROOT_CLASS = YES_ERROR;
				CLANG_WARN_QUOTED_INCLUDE_IN_FRAMEWORK_HEADER = YES;
				CLANG_WARN_RANGE_LOOP_ANALYSIS = YES;
				CLANG_WARN_STRICT_PROTOTYPES = YES;
				CLANG_WARN_SUSPICIOUS_MOVE = YES;
				CLANG_WARN_UNGUARDED_AVAILABILITY = YES_AGGRESSIVE;
				CLANG_WARN_UNREACHABLE_CODE = YES;
				CLANG_WARN__DUPLICATE_METHOD_MATCH = YES;
				COPY_PHASE_STRIP = NO;
				DEBUG_INFORMATION_FORMAT = dwarf;
				DEVELOPMENT_TEAM = KP3ZH5K2SY;
				ENABLE_STRICT_OBJC_MSGSEND = YES;
				ENABLE_TESTABILITY = YES;
				ENABLE_USER_SCRIPT_SANDBOXING = YES;
				GCC_C_LANGUAGE_STANDARD = gnu17;
				GCC_DYNAMIC_NO_PIC = NO;
				GCC_NO_COMMON_BLOCKS = YES;
				GCC_OPTIMIZATION_LEVEL = 0;
				GCC_PREPROCESSOR_DEFINITIONS = (
					"DEBUG=1",
					"$(inherited)",
				);
				GCC_WARN_64_TO_32_BIT_CONVERSION = YES;
				GCC_WARN_ABOUT_RETURN_TYPE = YES_ERROR;
				GCC_WARN_UNDECLARED_SELECTOR = YES;
				GCC_WARN_UNINITIALIZED_AUTOS = YES_AGGRESSIVE;
				GCC_WARN_UNUSED_FUNCTION = YES;
				GCC_WARN_UNUSED_VARIABLE = YES;
				IPHONEOS_DEPLOYMENT_TARGET = 26.5;
				LOCALIZATION_PREFERS_STRING_CATALOGS = YES;
				MTL_ENABLE_DEBUG_INFO = INCLUDE_SOURCE;
				MTL_FAST_MATH = YES;
				ONLY_ACTIVE_ARCH = YES;
				SDKROOT = iphoneos;
				SWIFT_ACTIVE_COMPILATION_CONDITIONS = "DEBUG $(inherited)";
				SWIFT_OPTIMIZATION_LEVEL = "-Onone";
			};
			name = Debug;
		};
		9B71BBBE304077C40030A6B8 /* Release configuration for PBXProject "BigV" */ = {
			isa = XCBuildConfiguration;
			buildSettings = {
				ALWAYS_SEARCH_USER_PATHS = NO;
				ASSETCATALOG_COMPILER_GENERATE_SWIFT_ASSET_SYMBOL_EXTENSIONS = YES;
				CLANG_ANALYZER_NONNULL = YES;
				CLANG_ANALYZER_NUMBER_OBJECT_CONVERSION = YES_AGGRESSIVE;
				CLANG_CXX_LANGUAGE_STANDARD = "gnu++20";
				CLANG_ENABLE_MODULES = YES;
				CLANG_ENABLE_OBJC_ARC = YES;
				CLANG_ENABLE_OBJC_WEAK = YES;
				CLANG_WARN_BLOCK_CAPTURE_AUTORELEASING = YES;
				CLANG_WARN_BOOL_CONVERSION = YES;
				CLANG_WARN_COMMA = YES;
				CLANG_WARN_CONSTANT_CONVERSION = YES;
				CLANG_WARN_DEPRECATED_OBJC_IMPLEMENTATIONS = YES;
				CLANG_WARN_DIRECT_OBJC_ISA_USAGE = YES_ERROR;
				CLANG_WARN_DOCUMENTATION_COMMENTS = YES;
				CLANG_WARN_EMPTY_BODY = YES;
				CLANG_WARN_ENUM_CONVERSION = YES;
				CLANG_WARN_INFINITE_RECURSION = YES;
				CLANG_WARN_INT_CONVERSION = YES;
				CLANG_WARN_NON_LITERAL_NULL_CONVERSION = YES;
				CLANG_WARN_OBJC_IMPLICIT_RETAIN_SELF = YES;
				CLANG_WARN_OBJC_LITERAL_CONVERSION = YES;
				CLANG_WARN_OBJC_ROOT_CLASS = YES_ERROR;
				CLANG_WARN_QUOTED_INCLUDE_IN_FRAMEWORK_HEADER = YES;
				CLANG_WARN_RANGE_LOOP_ANALYSIS = YES;
				CLANG_WARN_STRICT_PROTOTYPES = YES;
				CLANG_WARN_SUSPICIOUS_MOVE = YES;
				CLANG_WARN_UNGUARDED_AVAILABILITY = YES_AGGRESSIVE;
				CLANG_WARN_UNREACHABLE_CODE = YES;
				CLANG_WARN__DUPLICATE_METHOD_MATCH = YES;
				COPY_PHASE_STRIP = NO;
				DEBUG_INFORMATION_FORMAT = "dwarf-with-dsym";
				DEVELOPMENT_TEAM = KP3ZH5K2SY;
				ENABLE_NS_ASSERTIONS = NO;
				ENABLE_STRICT_OBJC_MSGSEND = YES;
				ENABLE_USER_SCRIPT_SANDBOXING = YES;
				GCC_C_LANGUAGE_STANDARD = gnu17;
				GCC_NO_COMMON_BLOCKS = YES;
				GCC_WARN_64_TO_32_BIT_CONVERSION = YES;
				GCC_WARN_ABOUT_RETURN_TYPE = YES_ERROR;
				GCC_WARN_UNDECLARED_SELECTOR = YES;
				GCC_WARN_UNINITIALIZED_AUTOS = YES_AGGRESSIVE;
				GCC_WARN_UNUSED_FUNCTION = YES;
				GCC_WARN_UNUSED_VARIABLE = YES;
				IPHONEOS_DEPLOYMENT_TARGET = 26.5;
				LOCALIZATION_PREFERS_STRING_CATALOGS = YES;
				MTL_ENABLE_DEBUG_INFO = NO;
				MTL_FAST_MATH = YES;
				SDKROOT = iphoneos;
				SWIFT_COMPILATION_MODE = wholemodule;
				VALIDATE_PRODUCT = YES;
			};
			name = Release;
		};
		9B71BBC0304077C40030A6B8 /* Debug configuration for PBXNativeTarget "BigV" */ = {
			isa = XCBuildConfiguration;
			buildSettings = {
				ASSETCATALOG_COMPILER_APPICON_NAME = AppIcon;
				ASSETCATALOG_COMPILER_GLOBAL_ACCENT_COLOR_NAME = AccentColor;
				CODE_SIGN_ENTITLEMENTS = BigV/BigV.entitlements;
				CODE_SIGN_STYLE = Automatic;
				CURRENT_PROJECT_VERSION = 18;
				DEVELOPMENT_TEAM = KP3ZH5K2SY;
				ENABLE_PREVIEWS = YES;
				GENERATE_INFOPLIST_FILE = YES;
				INFOPLIST_FILE = BigV/Info.plist;
				INFOPLIST_KEY_CFBundleDisplayName = BigVelo;
				INFOPLIST_KEY_ITSAppUsesNonExemptEncryption = NO;
				INFOPLIST_KEY_NSBluetoothAlwaysUsageDescription = "BigVelo connects to your bike's rear radar to warn you about vehicles approaching from behind.";
				INFOPLIST_KEY_NSHealthShareUsageDescription = "BigVelo reads cycling workout data from Apple Health to enrich your ride metrics.";
				INFOPLIST_KEY_NSHealthUpdateUsageDescription = "BigVelo saves your rides to Apple Health as cycling workouts, including distance and route.";
				INFOPLIST_KEY_NSLocationWhenInUseUsageDescription = "BigVelo uses your location to record ride speed, distance, elevation and route, and to show the local weather and forecast where you are riding.";
				INFOPLIST_KEY_UIApplicationSceneManifest_Generation = YES;
				INFOPLIST_KEY_UIApplicationSupportsIndirectInputEvents = YES;
				INFOPLIST_KEY_UILaunchScreen_Generation = NO;
				INFOPLIST_KEY_UISupportedInterfaceOrientations_iPad = "UIInterfaceOrientationPortrait UIInterfaceOrientationPortraitUpsideDown UIInterfaceOrientationLandscapeLeft UIInterfaceOrientationLandscapeRight";
				INFOPLIST_KEY_UISupportedInterfaceOrientations_iPhone = "UIInterfaceOrientationPortrait UIInterfaceOrientationLandscapeLeft UIInterfaceOrientationLandscapeRight";
				LD_RUNPATH_SEARCH_PATHS = (
					"$(inherited)",
					"@executable_path/Frameworks",
				);
				MARKETING_VERSION = 1.9;
				PRODUCT_BUNDLE_IDENTIFIER = com.grantperry.BigVelo;
				PRODUCT_NAME = "$(TARGET_NAME)";
				STRING_CATALOG_GENERATE_SYMBOLS = YES;
				SWIFT_APPROACHABLE_CONCURRENCY = YES;
				SWIFT_DEFAULT_ACTOR_ISOLATION = MainActor;
				SWIFT_EMIT_LOC_STRINGS = YES;
				SWIFT_UPCOMING_FEATURE_MEMBER_IMPORT_VISIBILITY = YES;
				SWIFT_VERSION = 6.0;
				TARGETED_DEVICE_FAMILY = "1,2";
			};
			name = Debug;
		};
		9B71BBC1304077C40030A6B8 /* Release configuration for PBXNativeTarget "BigV" */ = {
			isa = XCBuildConfiguration;
			buildSettings = {
				ASSETCATALOG_COMPILER_APPICON_NAME = AppIcon;
				ASSETCATALOG_COMPILER_GLOBAL_ACCENT_COLOR_NAME = AccentColor;
				CODE_SIGN_ENTITLEMENTS = BigV/BigV.entitlements;
				CODE_SIGN_STYLE = Automatic;
				CURRENT_PROJECT_VERSION = 18;
				DEVELOPMENT_TEAM = KP3ZH5K2SY;
				ENABLE_PREVIEWS = YES;
				GENERATE_INFOPLIST_FILE = YES;
				INFOPLIST_FILE = BigV/Info.plist;
				INFOPLIST_KEY_CFBundleDisplayName = BigVelo;
				INFOPLIST_KEY_ITSAppUsesNonExemptEncryption = NO;
				INFOPLIST_KEY_NSBluetoothAlwaysUsageDescription = "BigVelo connects to your bike's rear radar to warn you about vehicles approaching from behind.";
				INFOPLIST_KEY_NSHealthShareUsageDescription = "BigVelo reads cycling workout data from Apple Health to enrich your ride metrics.";
				INFOPLIST_KEY_NSHealthUpdateUsageDescription = "BigVelo saves your rides to Apple Health as cycling workouts, including distance and route.";
				INFOPLIST_KEY_NSLocationWhenInUseUsageDescription = "BigVelo uses your location to record ride speed, distance, elevation and route, and to show the local weather and forecast where you are riding.";
				INFOPLIST_KEY_UIApplicationSceneManifest_Generation = YES;
				INFOPLIST_KEY_UIApplicationSupportsIndirectInputEvents = YES;
				INFOPLIST_KEY_UILaunchScreen_Generation = NO;
				INFOPLIST_KEY_UISupportedInterfaceOrientations_iPad = "UIInterfaceOrientationPortrait UIInterfaceOrientationPortraitUpsideDown UIInterfaceOrientationLandscapeLeft UIInterfaceOrientationLandscapeRight";
				INFOPLIST_KEY_UISupportedInterfaceOrientations_iPhone = "UIInterfaceOrientationPortrait UIInterfaceOrientationLandscapeLeft UIInterfaceOrientationLandscapeRight";
				LD_RUNPATH_SEARCH_PATHS = (
					"$(inherited)",
					"@executable_path/Frameworks",
				);
				MARKETING_VERSION = 1.9;
				PRODUCT_BUNDLE_IDENTIFIER = com.grantperry.BigVelo;
				PRODUCT_NAME = "$(TARGET_NAME)";
				STRING_CATALOG_GENERATE_SYMBOLS = YES;
				SWIFT_APPROACHABLE_CONCURRENCY = YES;
				SWIFT_DEFAULT_ACTOR_ISOLATION = MainActor;
				SWIFT_EMIT_LOC_STRINGS = YES;
				SWIFT_UPCOMING_FEATURE_MEMBER_IMPORT_VISIBILITY = YES;
				SWIFT_VERSION = 6.0;
				TARGETED_DEVICE_FAMILY = "1,2";
			};
			name = Release;
		};
		9B71BBC3304077C40030A6B8 /* Debug configuration for PBXNativeTarget "BigVTests" */ = {
			isa = XCBuildConfiguration;
			buildSettings = {
				BUNDLE_LOADER = "$(TEST_HOST)";
				CODE_SIGN_STYLE = Automatic;
				CURRENT_PROJECT_VERSION = 18;
				DEVELOPMENT_TEAM = KP3ZH5K2SY;
				GENERATE_INFOPLIST_FILE = YES;
				IPHONEOS_DEPLOYMENT_TARGET = 26.5;
				MARKETING_VERSION = 1.9;
				PRODUCT_BUNDLE_IDENTIFIER = com.grantperry.BigVeloTests;
				PRODUCT_NAME = "$(TARGET_NAME)";
				STRING_CATALOG_GENERATE_SYMBOLS = NO;
				SWIFT_APPROACHABLE_CONCURRENCY = YES;
				SWIFT_DEFAULT_ACTOR_ISOLATION = MainActor;
				SWIFT_EMIT_LOC_STRINGS = NO;
				SWIFT_UPCOMING_FEATURE_MEMBER_IMPORT_VISIBILITY = YES;
				SWIFT_VERSION = 6.0;
				TARGETED_DEVICE_FAMILY = "1,2";
				TEST_HOST = "$(BUILT_PRODUCTS_DIR)/BigV.app/$(BUNDLE_EXECUTABLE_FOLDER_PATH)/BigV";
			};
			name = Debug;
		};
		9B71BBC4304077C40030A6B8 /* Release configuration for PBXNativeTarget "BigVTests" */ = {
			isa = XCBuildConfiguration;
			buildSettings = {
				BUNDLE_LOADER = "$(TEST_HOST)";
				CODE_SIGN_STYLE = Automatic;
				CURRENT_PROJECT_VERSION = 18;
				DEVELOPMENT_TEAM = KP3ZH5K2SY;
				GENERATE_INFOPLIST_FILE = YES;
				IPHONEOS_DEPLOYMENT_TARGET = 26.5;
				MARKETING_VERSION = 1.9;
				PRODUCT_BUNDLE_IDENTIFIER = com.grantperry.BigVeloTests;
				PRODUCT_NAME = "$(TARGET_NAME)";
				STRING_CATALOG_GENERATE_SYMBOLS = NO;
				SWIFT_APPROACHABLE_CONCURRENCY = YES;
				SWIFT_DEFAULT_ACTOR_ISOLATION = MainActor;
				SWIFT_EMIT_LOC_STRINGS = NO;
				SWIFT_UPCOMING_FEATURE_MEMBER_IMPORT_VISIBILITY = YES;
				SWIFT_VERSION = 6.0;
				TARGETED_DEVICE_FAMILY = "1,2";
				TEST_HOST = "$(BUILT_PRODUCTS_DIR)/BigV.app/$(BUNDLE_EXECUTABLE_FOLDER_PATH)/BigV";
			};
			name = Release;
		};
		9B71BBC6304077C40030A6B8 /* Debug configuration for PBXNativeTarget "BigVUITests" */ = {
			isa = XCBuildConfiguration;
			buildSettings = {
				CODE_SIGN_STYLE = Automatic;
				CURRENT_PROJECT_VERSION = 18;
				DEVELOPMENT_TEAM = KP3ZH5K2SY;
				GENERATE_INFOPLIST_FILE = YES;
				MARKETING_VERSION = 1.9;
				PRODUCT_BUNDLE_IDENTIFIER = com.grantperry.BigVeloUITests;
				PRODUCT_NAME = "$(TARGET_NAME)";
				STRING_CATALOG_GENERATE_SYMBOLS = NO;
				SWIFT_APPROACHABLE_CONCURRENCY = YES;
				SWIFT_DEFAULT_ACTOR_ISOLATION = MainActor;
				SWIFT_EMIT_LOC_STRINGS = NO;
				SWIFT_UPCOMING_FEATURE_MEMBER_IMPORT_VISIBILITY = YES;
				SWIFT_VERSION = 6.0;
				TARGETED_DEVICE_FAMILY = "1,2";
				TEST_TARGET_NAME = BigV;
			};
			name = Debug;
		};
		9B71BBC7304077C40030A6B8 /* Release configuration for PBXNativeTarget "BigVUITests" */ = {
			isa = XCBuildConfiguration;
			buildSettings = {
				CODE_SIGN_STYLE = Automatic;
				CURRENT_PROJECT_VERSION = 18;
				DEVELOPMENT_TEAM = KP3ZH5K2SY;
				GENERATE_INFOPLIST_FILE = YES;
				MARKETING_VERSION = 1.9;
				PRODUCT_BUNDLE_IDENTIFIER = com.grantperry.BigVeloUITests;
				PRODUCT_NAME = "$(TARGET_NAME)";
				STRING_CATALOG_GENERATE_SYMBOLS = NO;
				SWIFT_APPROACHABLE_CONCURRENCY = YES;
				SWIFT_DEFAULT_ACTOR_ISOLATION = MainActor;
				SWIFT_EMIT_LOC_STRINGS = NO;
				SWIFT_UPCOMING_FEATURE_MEMBER_IMPORT_VISIBILITY = YES;
				SWIFT_VERSION = 6.0;
				TARGETED_DEVICE_FAMILY = "1,2";
				TEST_TARGET_NAME = BigV;
			};
			name = Release;
		};
		9BA00009304077C40030A6B8 /* Debug configuration for PBXNativeTarget "BigV Watch App" */ = {
			isa = XCBuildConfiguration;
			buildSettings = {
				ASSETCATALOG_COMPILER_APPICON_NAME = AppIcon;
				ASSETCATALOG_COMPILER_GLOBAL_ACCENT_COLOR_NAME = AccentColor;
				CODE_SIGN_ENTITLEMENTS = "BigV Watch App/BigV Watch App.entitlements";
				CODE_SIGN_STYLE = Automatic;
				CURRENT_PROJECT_VERSION = 18;
				DEVELOPMENT_TEAM = KP3ZH5K2SY;
				ENABLE_PREVIEWS = YES;
				GENERATE_INFOPLIST_FILE = YES;
				INFOPLIST_FILE = "BigV Watch App/Info.plist";
				INFOPLIST_KEY_CFBundleDisplayName = BigVelo;
				INFOPLIST_KEY_NSHealthShareUsageDescription = "BigVelo reads your heart rate on the Watch so the phone can show it live while you ride.";
				INFOPLIST_KEY_NSHealthUpdateUsageDescription = "BigVelo starts a workout session on the Watch to read your heart rate and credit your Activity rings. Your ride is saved to Health by the iPhone.";
				INFOPLIST_KEY_WKCompanionAppBundleIdentifier = com.grantperry.BigVelo;
				LD_RUNPATH_SEARCH_PATHS = (
					"$(inherited)",
					"@executable_path/Frameworks",
				);
				MARKETING_VERSION = 1.9;
				PRODUCT_BUNDLE_IDENTIFIER = com.grantperry.BigVelo.watchkitapp;
				PRODUCT_NAME = "$(TARGET_NAME)";
				SDKROOT = watchos;
				SKIP_INSTALL = YES;
				STRING_CATALOG_GENERATE_SYMBOLS = YES;
				SUPPORTED_PLATFORMS = "watchos watchsimulator";
				SWIFT_APPROACHABLE_CONCURRENCY = YES;
				SWIFT_DEFAULT_ACTOR_ISOLATION = MainActor;
				SWIFT_EMIT_LOC_STRINGS = YES;
				SWIFT_UPCOMING_FEATURE_MEMBER_IMPORT_VISIBILITY = YES;
				SWIFT_VERSION = 6.0;
				TARGETED_DEVICE_FAMILY = 4;
				WATCHOS_DEPLOYMENT_TARGET = 26.5;
			};
			name = Debug;
		};
		9BA0000A304077C40030A6B8 /* Release configuration for PBXNativeTarget "BigV Watch App" */ = {
			isa = XCBuildConfiguration;
			buildSettings = {
				ASSETCATALOG_COMPILER_APPICON_NAME = AppIcon;
				ASSETCATALOG_COMPILER_GLOBAL_ACCENT_COLOR_NAME = AccentColor;
				CODE_SIGN_ENTITLEMENTS = "BigV Watch App/BigV Watch App.entitlements";
				CODE_SIGN_STYLE = Automatic;
				CURRENT_PROJECT_VERSION = 18;
				DEVELOPMENT_TEAM = KP3ZH5K2SY;
				ENABLE_PREVIEWS = YES;
				GENERATE_INFOPLIST_FILE = YES;
				INFOPLIST_FILE = "BigV Watch App/Info.plist";
				INFOPLIST_KEY_CFBundleDisplayName = BigVelo;
				INFOPLIST_KEY_NSHealthShareUsageDescription = "BigVelo reads your heart rate on the Watch so the phone can show it live while you ride.";
				INFOPLIST_KEY_NSHealthUpdateUsageDescription = "BigVelo starts a workout session on the Watch to read your heart rate and credit your Activity rings. Your ride is saved to Health by the iPhone.";
				INFOPLIST_KEY_WKCompanionAppBundleIdentifier = com.grantperry.BigVelo;
				LD_RUNPATH_SEARCH_PATHS = (
					"$(inherited)",
					"@executable_path/Frameworks",
				);
				MARKETING_VERSION = 1.9;
				PRODUCT_BUNDLE_IDENTIFIER = com.grantperry.BigVelo.watchkitapp;
				PRODUCT_NAME = "$(TARGET_NAME)";
				SDKROOT = watchos;
				SKIP_INSTALL = YES;
				STRING_CATALOG_GENERATE_SYMBOLS = YES;
				SUPPORTED_PLATFORMS = "watchos watchsimulator";
				SWIFT_APPROACHABLE_CONCURRENCY = YES;
				SWIFT_DEFAULT_ACTOR_ISOLATION = MainActor;
				SWIFT_EMIT_LOC_STRINGS = YES;
				SWIFT_UPCOMING_FEATURE_MEMBER_IMPORT_VISIBILITY = YES;
				SWIFT_VERSION = 6.0;
				TARGETED_DEVICE_FAMILY = 4;
				WATCHOS_DEPLOYMENT_TARGET = 26.5;
			};
			name = Release;
		};
/* End XCBuildConfiguration section */

/* Begin XCConfigurationList section */
		9B71BB99304077C30030A6B8 /* Build configuration list for PBXProject "BigV" */ = {
			isa = XCConfigurationList;
			buildConfigurations = (
				9B71BBBD304077C40030A6B8 /* Debug configuration for PBXProject "BigV" */,
				9B71BBBE304077C40030A6B8 /* Release configuration for PBXProject "BigV" */,
			);
			defaultConfigurationName = Release;
		};
		9B71BBBF304077C40030A6B8 /* Build configuration list for PBXNativeTarget "BigV" */ = {
			isa = XCConfigurationList;
			buildConfigurations = (
				9B71BBC0304077C40030A6B8 /* Debug configuration for PBXNativeTarget "BigV" */,
				9B71BBC1304077C40030A6B8 /* Release configuration for PBXNativeTarget "BigV" */,
			);
			defaultConfigurationName = Release;
		};
		9B71BBC2304077C40030A6B8 /* Build configuration list for PBXNativeTarget "BigVTests" */ = {
			isa = XCConfigurationList;
			buildConfigurations = (
				9B71BBC3304077C40030A6B8 /* Debug configuration for PBXNativeTarget "BigVTests" */,
				9B71BBC4304077C40030A6B8 /* Release configuration for PBXNativeTarget "BigVTests" */,
			);
			defaultConfigurationName = Release;
		};
		9B71BBC5304077C40030A6B8 /* Build configuration list for PBXNativeTarget "BigVUITests" */ = {
			isa = XCConfigurationList;
			buildConfigurations = (
				9B71BBC6304077C40030A6B8 /* Debug configuration for PBXNativeTarget "BigVUITests" */,
				9B71BBC7304077C40030A6B8 /* Release configuration for PBXNativeTarget "BigVUITests" */,
			);
			defaultConfigurationName = Release;
		};
		9BA00008304077C40030A6B8 /* Build configuration list for PBXNativeTarget "BigV Watch App" */ = {
			isa = XCConfigurationList;
			buildConfigurations = (
				9BA00009304077C40030A6B8 /* Debug configuration for PBXNativeTarget "BigV Watch App" */,
				9BA0000A304077C40030A6B8 /* Release configuration for PBXNativeTarget "BigV Watch App" */,
			);
			defaultConfigurationName = Release;
		};
/* End XCConfigurationList section */
	};
	rootObject = 9B71BB96304077C30030A6B8 /* Project object */;
	validationLevel = 1;
}
